
Microsoft Visual Studio Solution File, Format Version 12.00
# Visual Studio Version 17
VisualStudioVersion = 17.13.35825.156
MinimumVisualStudioVersion = 10.0.40219.1
Project("{2150E333-8FDC-42A3-9474-1A3956D46DE8}") = "APIGateway", "APIGateway", "{02EA681E-C7D8-13C7-8484-4AC65E1B71E8}"
EndProject
Project("{2150E333-8FDC-42A3-9474-1A3956D46DE8}") = "app", "app", "{37BCCC98-7D36-4947-8170-E19D8C143070}"
EndProject
Project("{9A19103F-16F7-4668-BE54-9A1E7A4F7556}") = "HealthMed.Auth.API", "src\HealthMed.Auth.API\HealthMed.Auth.API.csproj", "{39A3ED07-CB1A-44F5-9019-447B1B4AD9C4}"
EndProject
Project("{9A19103F-16F7-4668-BE54-9A1E7A4F7556}") = "HealthMed.Doctor.API", "src\HealthMed.Medico.API\HealthMed.Doctor.API.csproj", "{14D10B9C-5E3C-42F7-91F5-2DF602570546}"
EndProject
Project("{9A19103F-16F7-4668-BE54-9A1E7A4F7556}") = "HealthMed.Patient.API", "src\HealthMed.Paciente.API\HealthMed.Patient.API.csproj", "{D7F2CC57-527C-4578-AF7B-36785B14FA21}"
EndProject
Project("{9A19103F-16F7-4668-BE54-9A1E7A4F7556}") = "HealthMed.Agenda.API", "src\HealthMed.Agenda.API\HealthMed.Agenda.API.csproj", "{EBDDC8DB-E716-4465-9086-3D8E6BBF505B}"
EndProject
Project("{9A19103F-16F7-4668-BE54-9A1E7A4F7556}") = "HealthMed.Auth.Domain", "src\HealthMed.Domain\HealthMed.Auth.Domain.csproj", "{C7FF74CC-A92D-478D-82A2-2F0A123B2E8D}"
EndProject
Project("{9A19103F-16F7-4668-BE54-9A1E7A4F7556}") = "HealthMed.Auth.Application", "src\HealthMed.Auth.Application\HealthMed.Auth.Application.csproj", "{5C2A9906-E94F-4691-B2BE-CE50755F289C}"
EndProject
Project("{9A19103F-16F7-4668-BE54-9A1E7A4F7556}") = "HealthMed.Auth.Infra.Data", "src\HealthMed.Auth.Infra.Data\HealthMed.Auth.Infra.Data.csproj", "{72B64264-6FF8-467A-AE35-7E1A773AA932}"
EndProject
Project("{2150E333-8FDC-42A3-9474-1A3956D46DE8}") = "Auth", "Auth", "{12FF141A-7047-43F8-8978-625848383DE2}"
EndProject
Project("{2150E333-8FDC-42A3-9474-1A3956D46DE8}") = "Doctor", "Doctor", "{E2AD2F5B-9711-4FC5-BD00-34210DE3444B}"
EndProject
Project("{9A19103F-16F7-4668-BE54-9A1E7A4F7556}") = "HealthMed.Doctor.Application", "src\HealthMed.Medico.Application\HealthMed.Doctor.Application.csproj", "{24E1F467-AC11-41FF-AE21-F200E55CBFD0}"
EndProject
Project("{9A19103F-16F7-4668-BE54-9A1E7A4F7556}") = "HealthMed.Doctor.Domain", "src\HealthMed.Medico.Domain\HealthMed.Doctor.Domain.csproj", "{D2F033D1-286B-432C-91C2-2DCEDDC9D916}"
EndProject
Project("{9A19103F-16F7-4668-BE54-9A1E7A4F7556}") = "HealthMed.Doctor.Infra.Data", "src\HealthMed.Medico.Infra.Data\HealthMed.Doctor.Infra.Data.csproj", "{D0251C53-0DA1-4D2D-8648-F2F3BA38D9F5}"
EndProject
Project("{9A19103F-16F7-4668-BE54-9A1E7A4F7556}") = "HealthMed.Doctor.Infra.IoC", "src\HealthMed.Medico.Infra.IoC\HealthMed.Doctor.Infra.IoC.csproj", "{1AF41A5D-7DCE-49E9-B7F9-DF04D6C2A0EC}"
EndProject
Project("{9A19103F-16F7-4668-BE54-9A1E7A4F7556}") = "HealthMed.Agenda.Application", "src\HealthMed.Agenda.Application\HealthMed.Agenda.Application.csproj", "{089CFD5D-1F8F-496B-ACD8-88A5AFF4382E}"
EndProject
Project("{9A19103F-16F7-4668-BE54-9A1E7A4F7556}") = "HealthMed.Agenda.Domain", "src\HealthMed.Agenda.Domain\HealthMed.Agenda.Domain.csproj", "{A2C9473B-5886-4BD8-AD78-C0F1A28BBB8B}"
EndProject
Project("{9A19103F-16F7-4668-BE54-9A1E7A4F7556}") = "HealthMed.Agenda.Infra.Data", "src\HealthMed.Agenda.Infra.Data\HealthMed.Agenda.Infra.Data.csproj", "{80472789-C597-42C5-9C8C-7532E1972CAD}"
EndProject
Project("{9A19103F-16F7-4668-BE54-9A1E7A4F7556}") = "HealthMed.Agenda.Infra.IoC", "src\HealthMed.Agenda.Infra.IoC\HealthMed.Agenda.Infra.IoC.csproj", "{20BAE37E-A1B0-4452-8836-BF01D7C57F0B}"
EndProject
Project("{2150E333-8FDC-42A3-9474-1A3956D46DE8}") = "Agenda", "Agenda", "{1169EC52-7C29-4683-AF87-F47FC09803E7}"
EndProject
Project("{9A19103F-16F7-4668-BE54-9A1E7A4F7556}") = "HealthMed.Patient.Application", "src\HealthMed.Paciente.Application\HealthMed.Patient.Application.csproj", "{D92372BB-D917-41E9-909E-9E1F7BE5733B}"
EndProject
Project("{9A19103F-16F7-4668-BE54-9A1E7A4F7556}") = "HealthMed.Patient.Infra.Data", "src\HealthMed.Paciente.Infra.Data\HealthMed.Patient.Infra.Data.csproj", "{FA1A5D0F-E573-4FB6-B08E-B5DCB5D2D34B}"
EndProject
Project("{9A19103F-16F7-4668-BE54-9A1E7A4F7556}") = "HealthMed.Patient.Infra.IoC", "src\HealthMed.Paciente.Infra.IoC\HealthMed.Patient.Infra.IoC.csproj", "{F1C90B3A-4208-4918-875F-85194C92DB3B}"
EndProject
Project("{2150E333-8FDC-42A3-9474-1A3956D46DE8}") = "Patient", "Patient", "{74279A7E-CD88-4FAE-B117-E8446EF82446}"
EndProject
Project("{2150E333-8FDC-42A3-9474-1A3956D46DE8}") = "Consultation", "Consultation", "{A6D80B3D-C909-4954-86E3-22545D311AF7}"
EndProject
Project("{9A19103F-16F7-4668-BE54-9A1E7A4F7556}") = "HealthMed.Consultation.API", "src\HealthMed.Consultation.API\HealthMed.Consultation.API.csproj", "{2A71BB22-056A-4D2E-8AF2-64370CF9FBC8}"
EndProject
Project("{9A19103F-16F7-4668-BE54-9A1E7A4F7556}") = "HealthMed.Consultation.Application", "src\HealthMed.Consultation.Application\HealthMed.Consultation.Application.csproj", "{8B63161C-5D45-4CCB-BDAA-74B1D4C3E8F1}"
EndProject
Project("{9A19103F-16F7-4668-BE54-9A1E7A4F7556}") = "HealthMed.Consultation.Domain", "src\HealthMed.Consultation.Domain\HealthMed.Consultation.Domain.csproj", "{C11CB5F0-9D4F-4E49-BF10-9CDA53E2F5CC}"
EndProject
Project("{9A19103F-16F7-4668-BE54-9A1E7A4F7556}") = "HealthMed.Consultation.Infra.Data", "src\HealthMed.Consultation.Infra.Data\HealthMed.Consultation.Infra.Data.csproj", "{158ACD5E-5AF7-4B4D-AA01-49F271FD6CC7}"
EndProject
Project("{9A19103F-16F7-4668-BE54-9A1E7A4F7556}") = "HealthMed.Consultation.Infra.IoC", "src\HealthMed.Consultation.Infra.IoC\HealthMed.Consultation.Infra.IoC.csproj", "{6675B1CC-C2BD-4D88-9579-A53E04444C25}"
EndProject
Project("{9A19103F-16F7-4668-BE54-9A1E7A4F7556}") = "HealthMed.Gateway.API", "src\HealthMed.Gateway.API\HealthMed.Gateway.API.csproj", "{5779EFE0-4301-4730-A119-71169922D5FB}"
EndProject
Project("{9A19103F-16F7-4668-BE54-9A1E7A4F7556}") = "HealthMed.Auth.Infra.IoC", "src\HealthMed.Auth.Infra.IoC\HealthMed.Auth.Infra.IoC.csproj", "{87247C5C-FBEF-2FDA-B22F-F4971A24A089}"
EndProject
Project("{9A19103F-16F7-4668-BE54-9A1E7A4F7556}") = "HealthMed.Patient.Domain", "src\HealthMed.Paciente.Domain\HealthMed.Patient.Domain.csproj", "{94F84A85-2E51-45F8-4476-FCBC5487B8B8}"
EndProject
Project("{9A19103F-16F7-4668-BE54-9A1E7A4F7556}") = "HealthMed.Consultation.Infra.Consumer", "src\HealthMed.Consultation.Infra.Consumer\HealthMed.Consultation.Infra.Consumer.csproj", "{A6652CCD-1543-45D4-845F-90DFB1E272E0}"
EndProject
Project("{9A19103F-16F7-4668-BE54-9A1E7A4F7556}") = "HealthMed.Consultation.Infra.Consumer.IoC", "src\HealthMed.Consultation.Infra.Consumer.IoC\HealthMed.Consultation.Infra.Consumer.IoC.csproj", "{1651AF0C-DDAB-4B31-BC87-E9C5193960EC}"
EndProject
Project("{9A19103F-16F7-4668-BE54-9A1E7A4F7556}") = "HealthMed.Doctor.Infra.Consumer.IoC", "src\HealthMed.Doctor.Infra.Consumer.IoC\HealthMed.Doctor.Infra.Consumer.IoC.csproj", "{9DD18702-6605-4F06-8B6F-923B6F225367}"
EndProject
Project("{9A19103F-16F7-4668-BE54-9A1E7A4F7556}") = "HealthMed.Doctor.Infra.Consumer", "src\HealthMed.Doctor.Infra.Consumer\HealthMed.Doctor.Infra.Consumer.csproj", "{0FD6CC05-EE1C-412A-A94C-4D77D435BD34}"
EndProject
Project("{9A19103F-16F7-4668-BE54-9A1E7A4F7556}") = "HealthMed.Patient.Infra.Consumer", "src\HealthMed.Patient.Infra.Consumer\HealthMed.Patient.Infra.Consumer.csproj", "{7337705C-7437-4375-A303-299B277D8D75}"
EndProject
Project("{9A19103F-16F7-4668-BE54-9A1E7A4F7556}") = "HealthMed.Patient.Infra.Consumer.IoC", "src\HealthMed.Patient.Infra.Consumer.IoC\HealthMed.Patient.Infra.Consumer.IoC.csproj", "{618DA899-1132-405C-A3AE-97B16BB2D6B6}"
EndProject
Project("{9A19103F-16F7-4668-BE54-9A1E7A4F7556}") = "HealthMed.Patient.API.Tests", "tests\HealthMed.Patient.API.Tests\HealthMed.Patient.API.Tests.csproj", "{467D6433-FB0A-47DA-B3E0-E9FB6ECDFD58}"
EndProject
Project("{2150E333-8FDC-42A3-9474-1A3956D46DE8}") = "tests", "tests", "{F4C61121-4694-4943-820D-9ED76C5527A4}"
EndProject
Project("{9A19103F-16F7-4668-BE54-9A1E7A4F7556}") = "HealthMed.Doctor.API.Tests", "tests\HealthMed.Doctor.API.Tests\HealthMed.Doctor.API.Tests.csproj", "{2FD702AE-272A-4250-8883-89538A25C33F}"
EndProject
Project("{9A19103F-16F7-4668-BE54-9A1E7A4F7556}") = "HealthMed.Doctor.Application.Tests", "tests\HealthMed.Doctor.Application.Tests\HealthMed.Doctor.Application.Tests.csproj", "{CFB14292-585D-4559-AB24-BBBF3D6D40F6}"
EndProject
Project("{9A19103F-16F7-4668-BE54-9A1E7A4F7556}") = "HealthMed.Patient.Application.Tests", "tests\HealthMed.Patient.Application.Tests\HealthMed.Patient.Application.Tests.csproj", "{2B6D2B60-AA47-47CD-B0E8-C668BBE014DE}"
EndProject
Project("{9A19103F-16F7-4668-BE54-9A1E7A4F7556}") = "HealthMed.Patient.Integration.Tests", "tests\HealthMed.Patient.Integration.Tests\HealthMed.Patient.Integration.Tests.csproj", "{93445851-DE8E-44FF-88E6-536559BD5E99}"
EndProject
Project("{9A19103F-16F7-4668-BE54-9A1E7A4F7556}") = "HealthMed.Agenda.Infra.Consumer", "src\HealthMed.Agenda.Infra.Consumer\HealthMed.Agenda.Infra.Consumer.csproj", "{0A485882-9CF4-4033-B1F7-03E9233BE4FF}"
EndProject
Project("{9A19103F-16F7-4668-BE54-9A1E7A4F7556}") = "HealthMed.Agenda.Infra.Consumer.IoC", "src\HealthMed.Agenda.Infra.Consumer.IoC\HealthMed.Agenda.Infra.Consumer.IoC.csproj", "{EB407D8D-2611-4371-B01B-79CE393D9E35}"
EndProject
Project("{9A19103F-16F7-4668-BE54-9A1E7A4F7556}") = "HealthMed.Agenda.Integration.Tests", "tests\HealthMed.Agenda.Integration.Tests\HealthMed.Agenda.Integration.Tests.csproj", "{5641E07E-BAB3-4D0F-9422-AFF4A2822683}"
EndProject
Project("{9A19103F-16F7-4668-BE54-9A1E7A4F7556}") = "HealthMed.Consultation.Application.Tests", "tests\HealthMed.Consultation.Application.Tests\HealthMed.Consultation.Application.Tests.csproj", "{FB754AFC-C937-41BC-9B35-31B9D19E3409}"
EndProject
Project("{9A19103F-16F7-4668-BE54-9A1E7A4F7556}") = "HealthMed.Consultation.Integration.Tests", "tests\HealthMed.Consultation.Integration.Tests\HealthMed.Consultation.Integration.Tests.csproj", "{D41C283C-F6C8-4A80-BC2F-E26F4571CC8B}"
EndProject
Project("{FAE04EC0-301F-11D3-BF4B-00C04F79EFBC}") = "HealthMed.Auth.Integration.Tests", "tests\HealthMed.Auth.API.Tests\HealthMed.Auth.Integration.Tests.csproj", "{169DFDD1-088A-4B25-9DAA-E4D8A4E3A5CC}"
EndProject
Project("{FAE04EC0-301F-11D3-BF4B-00C04F79EFBC}") = "HealthMed.Agenda.Application.Tests", "tests\HealthMed.Agenda.Application.Tests\HealthMed.Agenda.Application.Tests.csproj", "{B6882DDF-517C-43A4-B422-48D2CDCC80B9}"
EndProject
Project("{FAE04EC0-301F-11D3-BF4B-00C04F79EFBC}") = "HealthMed.Auth.Application.Tests.", "tests\HealthMed.Auth.Application.Tests\HealthMed.Auth.Application.Tests..csproj", "{E5D0CA46-453F-4ADF-B8D4-52B0788D569C}"
EndProject
Global
	GlobalSection(SolutionConfigurationPlatforms) = preSolution
		Debug|Any CPU = Debug|Any CPU
		Release|Any CPU = Release|Any CPU
	EndGlobalSection
	GlobalSection(ProjectConfigurationPlatforms) = postSolution
		{39A3ED07-CB1A-44F5-9019-447B1B4AD9C4}.Debug|Any CPU.ActiveCfg = Debug|Any CPU
		{39A3ED07-CB1A-44F5-9019-447B1B4AD9C4}.Debug|Any CPU.Build.0 = Debug|Any CPU
		{39A3ED07-CB1A-44F5-9019-447B1B4AD9C4}.Release|Any CPU.ActiveCfg = Release|Any CPU
		{39A3ED07-CB1A-44F5-9019-447B1B4AD9C4}.Release|Any CPU.Build.0 = Release|Any CPU
		{14D10B9C-5E3C-42F7-91F5-2DF602570546}.Debug|Any CPU.ActiveCfg = Debug|Any CPU
		{14D10B9C-5E3C-42F7-91F5-2DF602570546}.Debug|Any CPU.Build.0 = Debug|Any CPU
		{14D10B9C-5E3C-42F7-91F5-2DF602570546}.Release|Any CPU.ActiveCfg = Release|Any CPU
		{14D10B9C-5E3C-42F7-91F5-2DF602570546}.Release|Any CPU.Build.0 = Release|Any CPU
		{D7F2CC57-527C-4578-AF7B-36785B14FA21}.Debug|Any CPU.ActiveCfg = Debug|Any CPU
		{D7F2CC57-527C-4578-AF7B-36785B14FA21}.Debug|Any CPU.Build.0 = Debug|Any CPU
		{D7F2CC57-527C-4578-AF7B-36785B14FA21}.Release|Any CPU.ActiveCfg = Release|Any CPU
		{D7F2CC57-527C-4578-AF7B-36785B14FA21}.Release|Any CPU.Build.0 = Release|Any CPU
		{EBDDC8DB-E716-4465-9086-3D8E6BBF505B}.Debug|Any CPU.ActiveCfg = Debug|Any CPU
		{EBDDC8DB-E716-4465-9086-3D8E6BBF505B}.Debug|Any CPU.Build.0 = Debug|Any CPU
		{EBDDC8DB-E716-4465-9086-3D8E6BBF505B}.Release|Any CPU.ActiveCfg = Release|Any CPU
		{EBDDC8DB-E716-4465-9086-3D8E6BBF505B}.Release|Any CPU.Build.0 = Release|Any CPU
		{C7FF74CC-A92D-478D-82A2-2F0A123B2E8D}.Debug|Any CPU.ActiveCfg = Debug|Any CPU
		{C7FF74CC-A92D-478D-82A2-2F0A123B2E8D}.Debug|Any CPU.Build.0 = Debug|Any CPU
		{C7FF74CC-A92D-478D-82A2-2F0A123B2E8D}.Release|Any CPU.ActiveCfg = Release|Any CPU
		{C7FF74CC-A92D-478D-82A2-2F0A123B2E8D}.Release|Any CPU.Build.0 = Release|Any CPU
		{5C2A9906-E94F-4691-B2BE-CE50755F289C}.Debug|Any CPU.ActiveCfg = Debug|Any CPU
		{5C2A9906-E94F-4691-B2BE-CE50755F289C}.Debug|Any CPU.Build.0 = Debug|Any CPU
		{5C2A9906-E94F-4691-B2BE-CE50755F289C}.Release|Any CPU.ActiveCfg = Release|Any CPU
		{5C2A9906-E94F-4691-B2BE-CE50755F289C}.Release|Any CPU.Build.0 = Release|Any CPU
		{72B64264-6FF8-467A-AE35-7E1A773AA932}.Debug|Any CPU.ActiveCfg = Debug|Any CPU
		{72B64264-6FF8-467A-AE35-7E1A773AA932}.Debug|Any CPU.Build.0 = Debug|Any CPU
		{72B64264-6FF8-467A-AE35-7E1A773AA932}.Release|Any CPU.ActiveCfg = Release|Any CPU
		{72B64264-6FF8-467A-AE35-7E1A773AA932}.Release|Any CPU.Build.0 = Release|Any CPU
		{24E1F467-AC11-41FF-AE21-F200E55CBFD0}.Debug|Any CPU.ActiveCfg = Debug|Any CPU
		{24E1F467-AC11-41FF-AE21-F200E55CBFD0}.Debug|Any CPU.Build.0 = Debug|Any CPU
		{24E1F467-AC11-41FF-AE21-F200E55CBFD0}.Release|Any CPU.ActiveCfg = Release|Any CPU
		{24E1F467-AC11-41FF-AE21-F200E55CBFD0}.Release|Any CPU.Build.0 = Release|Any CPU
		{D2F033D1-286B-432C-91C2-2DCEDDC9D916}.Debug|Any CPU.ActiveCfg = Debug|Any CPU
		{D2F033D1-286B-432C-91C2-2DCEDDC9D916}.Debug|Any CPU.Build.0 = Debug|Any CPU
		{D2F033D1-286B-432C-91C2-2DCEDDC9D916}.Release|Any CPU.ActiveCfg = Release|Any CPU
		{D2F033D1-286B-432C-91C2-2DCEDDC9D916}.Release|Any CPU.Build.0 = Release|Any CPU
		{D0251C53-0DA1-4D2D-8648-F2F3BA38D9F5}.Debug|Any CPU.ActiveCfg = Debug|Any CPU
		{D0251C53-0DA1-4D2D-8648-F2F3BA38D9F5}.Debug|Any CPU.Build.0 = Debug|Any CPU
		{D0251C53-0DA1-4D2D-8648-F2F3BA38D9F5}.Release|Any CPU.ActiveCfg = Release|Any CPU
		{D0251C53-0DA1-4D2D-8648-F2F3BA38D9F5}.Release|Any CPU.Build.0 = Release|Any CPU
		{1AF41A5D-7DCE-49E9-B7F9-DF04D6C2A0EC}.Debug|Any CPU.ActiveCfg = Debug|Any CPU
		{1AF41A5D-7DCE-49E9-B7F9-DF04D6C2A0EC}.Debug|Any CPU.Build.0 = Debug|Any CPU
		{1AF41A5D-7DCE-49E9-B7F9-DF04D6C2A0EC}.Release|Any CPU.ActiveCfg = Release|Any CPU
		{1AF41A5D-7DCE-49E9-B7F9-DF04D6C2A0EC}.Release|Any CPU.Build.0 = Release|Any CPU
		{089CFD5D-1F8F-496B-ACD8-88A5AFF4382E}.Debug|Any CPU.ActiveCfg = Debug|Any CPU
		{089CFD5D-1F8F-496B-ACD8-88A5AFF4382E}.Debug|Any CPU.Build.0 = Debug|Any CPU
		{089CFD5D-1F8F-496B-ACD8-88A5AFF4382E}.Release|Any CPU.ActiveCfg = Release|Any CPU
		{089CFD5D-1F8F-496B-ACD8-88A5AFF4382E}.Release|Any CPU.Build.0 = Release|Any CPU
		{A2C9473B-5886-4BD8-AD78-C0F1A28BBB8B}.Debug|Any CPU.ActiveCfg = Debug|Any CPU
		{A2C9473B-5886-4BD8-AD78-C0F1A28BBB8B}.Debug|Any CPU.Build.0 = Debug|Any CPU
		{A2C9473B-5886-4BD8-AD78-C0F1A28BBB8B}.Release|Any CPU.ActiveCfg = Release|Any CPU
		{A2C9473B-5886-4BD8-AD78-C0F1A28BBB8B}.Release|Any CPU.Build.0 = Release|Any CPU
		{80472789-C597-42C5-9C8C-7532E1972CAD}.Debug|Any CPU.ActiveCfg = Debug|Any CPU
		{80472789-C597-42C5-9C8C-7532E1972CAD}.Debug|Any CPU.Build.0 = Debug|Any CPU
		{80472789-C597-42C5-9C8C-7532E1972CAD}.Release|Any CPU.ActiveCfg = Release|Any CPU
		{80472789-C597-42C5-9C8C-7532E1972CAD}.Release|Any CPU.Build.0 = Release|Any CPU
		{20BAE37E-A1B0-4452-8836-BF01D7C57F0B}.Debug|Any CPU.ActiveCfg = Debug|Any CPU
		{20BAE37E-A1B0-4452-8836-BF01D7C57F0B}.Debug|Any CPU.Build.0 = Debug|Any CPU
		{20BAE37E-A1B0-4452-8836-BF01D7C57F0B}.Release|Any CPU.ActiveCfg = Release|Any CPU
		{20BAE37E-A1B0-4452-8836-BF01D7C57F0B}.Release|Any CPU.Build.0 = Release|Any CPU
		{D92372BB-D917-41E9-909E-9E1F7BE5733B}.Debug|Any CPU.ActiveCfg = Debug|Any CPU
		{D92372BB-D917-41E9-909E-9E1F7BE5733B}.Debug|Any CPU.Build.0 = Debug|Any CPU
		{D92372BB-D917-41E9-909E-9E1F7BE5733B}.Release|Any CPU.ActiveCfg = Release|Any CPU
		{D92372BB-D917-41E9-909E-9E1F7BE5733B}.Release|Any CPU.Build.0 = Release|Any CPU
		{FA1A5D0F-E573-4FB6-B08E-B5DCB5D2D34B}.Debug|Any CPU.ActiveCfg = Debug|Any CPU
		{FA1A5D0F-E573-4FB6-B08E-B5DCB5D2D34B}.Debug|Any CPU.Build.0 = Debug|Any CPU
		{FA1A5D0F-E573-4FB6-B08E-B5DCB5D2D34B}.Release|Any CPU.ActiveCfg = Release|Any CPU
		{FA1A5D0F-E573-4FB6-B08E-B5DCB5D2D34B}.Release|Any CPU.Build.0 = Release|Any CPU
		{F1C90B3A-4208-4918-875F-85194C92DB3B}.Debug|Any CPU.ActiveCfg = Debug|Any CPU
		{F1C90B3A-4208-4918-875F-85194C92DB3B}.Debug|Any CPU.Build.0 = Debug|Any CPU
		{F1C90B3A-4208-4918-875F-85194C92DB3B}.Release|Any CPU.ActiveCfg = Release|Any CPU
		{F1C90B3A-4208-4918-875F-85194C92DB3B}.Release|Any CPU.Build.0 = Release|Any CPU
		{2A71BB22-056A-4D2E-8AF2-64370CF9FBC8}.Debug|Any CPU.ActiveCfg = Debug|Any CPU
		{2A71BB22-056A-4D2E-8AF2-64370CF9FBC8}.Debug|Any CPU.Build.0 = Debug|Any CPU
		{2A71BB22-056A-4D2E-8AF2-64370CF9FBC8}.Release|Any CPU.ActiveCfg = Release|Any CPU
		{2A71BB22-056A-4D2E-8AF2-64370CF9FBC8}.Release|Any CPU.Build.0 = Release|Any CPU
		{8B63161C-5D45-4CCB-BDAA-74B1D4C3E8F1}.Debug|Any CPU.ActiveCfg = Debug|Any CPU
		{8B63161C-5D45-4CCB-BDAA-74B1D4C3E8F1}.Debug|Any CPU.Build.0 = Debug|Any CPU
		{8B63161C-5D45-4CCB-BDAA-74B1D4C3E8F1}.Release|Any CPU.ActiveCfg = Release|Any CPU
		{8B63161C-5D45-4CCB-BDAA-74B1D4C3E8F1}.Release|Any CPU.Build.0 = Release|Any CPU
		{C11CB5F0-9D4F-4E49-BF10-9CDA53E2F5CC}.Debug|Any CPU.ActiveCfg = Debug|Any CPU
		{C11CB5F0-9D4F-4E49-BF10-9CDA53E2F5CC}.Debug|Any CPU.Build.0 = Debug|Any CPU
		{C11CB5F0-9D4F-4E49-BF10-9CDA53E2F5CC}.Release|Any CPU.ActiveCfg = Release|Any CPU
		{C11CB5F0-9D4F-4E49-BF10-9CDA53E2F5CC}.Release|Any CPU.Build.0 = Release|Any CPU
		{158ACD5E-5AF7-4B4D-AA01-49F271FD6CC7}.Debug|Any CPU.ActiveCfg = Debug|Any CPU
		{158ACD5E-5AF7-4B4D-AA01-49F271FD6CC7}.Debug|Any CPU.Build.0 = Debug|Any CPU
		{158ACD5E-5AF7-4B4D-AA01-49F271FD6CC7}.Release|Any CPU.ActiveCfg = Release|Any CPU
		{158ACD5E-5AF7-4B4D-AA01-49F271FD6CC7}.Release|Any CPU.Build.0 = Release|Any CPU
		{6675B1CC-C2BD-4D88-9579-A53E04444C25}.Debug|Any CPU.ActiveCfg = Debug|Any CPU
		{6675B1CC-C2BD-4D88-9579-A53E04444C25}.Debug|Any CPU.Build.0 = Debug|Any CPU
		{6675B1CC-C2BD-4D88-9579-A53E04444C25}.Release|Any CPU.ActiveCfg = Release|Any CPU
		{6675B1CC-C2BD-4D88-9579-A53E04444C25}.Release|Any CPU.Build.0 = Release|Any CPU
		{5779EFE0-4301-4730-A119-71169922D5FB}.Debug|Any CPU.ActiveCfg = Debug|Any CPU
		{5779EFE0-4301-4730-A119-71169922D5FB}.Debug|Any CPU.Build.0 = Debug|Any CPU
		{5779EFE0-4301-4730-A119-71169922D5FB}.Release|Any CPU.ActiveCfg = Release|Any CPU
		{5779EFE0-4301-4730-A119-71169922D5FB}.Release|Any CPU.Build.0 = Release|Any CPU
		{87247C5C-FBEF-2FDA-B22F-F4971A24A089}.Debug|Any CPU.ActiveCfg = Debug|Any CPU
		{87247C5C-FBEF-2FDA-B22F-F4971A24A089}.Debug|Any CPU.Build.0 = Debug|Any CPU
		{87247C5C-FBEF-2FDA-B22F-F4971A24A089}.Release|Any CPU.ActiveCfg = Release|Any CPU
		{87247C5C-FBEF-2FDA-B22F-F4971A24A089}.Release|Any CPU.Build.0 = Release|Any CPU
		{94F84A85-2E51-45F8-4476-FCBC5487B8B8}.Debug|Any CPU.ActiveCfg = Debug|Any CPU
		{94F84A85-2E51-45F8-4476-FCBC5487B8B8}.Debug|Any CPU.Build.0 = Debug|Any CPU
		{94F84A85-2E51-45F8-4476-FCBC5487B8B8}.Release|Any CPU.ActiveCfg = Release|Any CPU
		{94F84A85-2E51-45F8-4476-FCBC5487B8B8}.Release|Any CPU.Build.0 = Release|Any CPU
		{A6652CCD-1543-45D4-845F-90DFB1E272E0}.Debug|Any CPU.ActiveCfg = Debug|Any CPU
		{A6652CCD-1543-45D4-845F-90DFB1E272E0}.Debug|Any CPU.Build.0 = Debug|Any CPU
		{A6652CCD-1543-45D4-845F-90DFB1E272E0}.Release|Any CPU.ActiveCfg = Release|Any CPU
		{A6652CCD-1543-45D4-845F-90DFB1E272E0}.Release|Any CPU.Build.0 = Release|Any CPU
		{1651AF0C-DDAB-4B31-BC87-E9C5193960EC}.Debug|Any CPU.ActiveCfg = Debug|Any CPU
		{1651AF0C-DDAB-4B31-BC87-E9C5193960EC}.Debug|Any CPU.Build.0 = Debug|Any CPU
		{1651AF0C-DDAB-4B31-BC87-E9C5193960EC}.Release|Any CPU.ActiveCfg = Release|Any CPU
		{1651AF0C-DDAB-4B31-BC87-E9C5193960EC}.Release|Any CPU.Build.0 = Release|Any CPU
		{9DD18702-6605-4F06-8B6F-923B6F225367}.Debug|Any CPU.ActiveCfg = Debug|Any CPU
		{9DD18702-6605-4F06-8B6F-923B6F225367}.Debug|Any CPU.Build.0 = Debug|Any CPU
		{9DD18702-6605-4F06-8B6F-923B6F225367}.Release|Any CPU.ActiveCfg = Release|Any CPU
		{9DD18702-6605-4F06-8B6F-923B6F225367}.Release|Any CPU.Build.0 = Release|Any CPU
		{0FD6CC05-EE1C-412A-A94C-4D77D435BD34}.Debug|Any CPU.ActiveCfg = Debug|Any CPU
		{0FD6CC05-EE1C-412A-A94C-4D77D435BD34}.Debug|Any CPU.Build.0 = Debug|Any CPU
		{0FD6CC05-EE1C-412A-A94C-4D77D435BD34}.Release|Any CPU.ActiveCfg = Release|Any CPU
		{0FD6CC05-EE1C-412A-A94C-4D77D435BD34}.Release|Any CPU.Build.0 = Release|Any CPU
		{7337705C-7437-4375-A303-299B277D8D75}.Debug|Any CPU.ActiveCfg = Debug|Any CPU
		{7337705C-7437-4375-A303-299B277D8D75}.Debug|Any CPU.Build.0 = Debug|Any CPU
		{7337705C-7437-4375-A303-299B277D8D75}.Release|Any CPU.ActiveCfg = Release|Any CPU
		{7337705C-7437-4375-A303-299B277D8D75}.Release|Any CPU.Build.0 = Release|Any CPU
		{618DA899-1132-405C-A3AE-97B16BB2D6B6}.Debug|Any CPU.ActiveCfg = Debug|Any CPU
		{618DA899-1132-405C-A3AE-97B16BB2D6B6}.Debug|Any CPU.Build.0 = Debug|Any CPU
		{618DA899-1132-405C-A3AE-97B16BB2D6B6}.Release|Any CPU.ActiveCfg = Release|Any CPU
		{618DA899-1132-405C-A3AE-97B16BB2D6B6}.Release|Any CPU.Build.0 = Release|Any CPU
		{467D6433-FB0A-47DA-B3E0-E9FB6ECDFD58}.Debug|Any CPU.ActiveCfg = Debug|Any CPU
		{467D6433-FB0A-47DA-B3E0-E9FB6ECDFD58}.Debug|Any CPU.Build.0 = Debug|Any CPU
		{467D6433-FB0A-47DA-B3E0-E9FB6ECDFD58}.Release|Any CPU.ActiveCfg = Release|Any CPU
		{467D6433-FB0A-47DA-B3E0-E9FB6ECDFD58}.Release|Any CPU.Build.0 = Release|Any CPU
		{2FD702AE-272A-4250-8883-89538A25C33F}.Debug|Any CPU.ActiveCfg = Debug|Any CPU
		{2FD702AE-272A-4250-8883-89538A25C33F}.Debug|Any CPU.Build.0 = Debug|Any CPU
		{2FD702AE-272A-4250-8883-89538A25C33F}.Release|Any CPU.ActiveCfg = Release|Any CPU
		{2FD702AE-272A-4250-8883-89538A25C33F}.Release|Any CPU.Build.0 = Release|Any CPU
		{CFB14292-585D-4559-AB24-BBBF3D6D40F6}.Debug|Any CPU.ActiveCfg = Debug|Any CPU
		{CFB14292-585D-4559-AB24-BBBF3D6D40F6}.Debug|Any CPU.Build.0 = Debug|Any CPU
		{CFB14292-585D-4559-AB24-BBBF3D6D40F6}.Release|Any CPU.ActiveCfg = Release|Any CPU
		{CFB14292-585D-4559-AB24-BBBF3D6D40F6}.Release|Any CPU.Build.0 = Release|Any CPU
		{2B6D2B60-AA47-47CD-B0E8-C668BBE014DE}.Debug|Any CPU.ActiveCfg = Debug|Any CPU
		{2B6D2B60-AA47-47CD-B0E8-C668BBE014DE}.Debug|Any CPU.Build.0 = Debug|Any CPU
		{2B6D2B60-AA47-47CD-B0E8-C668BBE014DE}.Release|Any CPU.ActiveCfg = Release|Any CPU
		{2B6D2B60-AA47-47CD-B0E8-C668BBE014DE}.Release|Any CPU.Build.0 = Release|Any CPU
		{93445851-DE8E-44FF-88E6-536559BD5E99}.Debug|Any CPU.ActiveCfg = Debug|Any CPU
		{93445851-DE8E-44FF-88E6-536559BD5E99}.Debug|Any CPU.Build.0 = Debug|Any CPU
		{93445851-DE8E-44FF-88E6-536559BD5E99}.Release|Any CPU.ActiveCfg = Release|Any CPU
		{93445851-DE8E-44FF-88E6-536559BD5E99}.Release|Any CPU.Build.0 = Release|Any CPU
		{0A485882-9CF4-4033-B1F7-03E9233BE4FF}.Debug|Any CPU.ActiveCfg = Debug|Any CPU
		{0A485882-9CF4-4033-B1F7-03E9233BE4FF}.Debug|Any CPU.Build.0 = Debug|Any CPU
		{0A485882-9CF4-4033-B1F7-03E9233BE4FF}.Release|Any CPU.ActiveCfg = Release|Any CPU
		{0A485882-9CF4-4033-B1F7-03E9233BE4FF}.Release|Any CPU.Build.0 = Release|Any CPU
		{EB407D8D-2611-4371-B01B-79CE393D9E35}.Debug|Any CPU.ActiveCfg = Debug|Any CPU
		{EB407D8D-2611-4371-B01B-79CE393D9E35}.Debug|Any CPU.Build.0 = Debug|Any CPU
		{EB407D8D-2611-4371-B01B-79CE393D9E35}.Release|Any CPU.ActiveCfg = Release|Any CPU
		{EB407D8D-2611-4371-B01B-79CE393D9E35}.Release|Any CPU.Build.0 = Release|Any CPU
		{5641E07E-BAB3-4D0F-9422-AFF4A2822683}.Debug|Any CPU.ActiveCfg = Debug|Any CPU
		{5641E07E-BAB3-4D0F-9422-AFF4A2822683}.Debug|Any CPU.Build.0 = Debug|Any CPU
		{5641E07E-BAB3-4D0F-9422-AFF4A2822683}.Release|Any CPU.ActiveCfg = Release|Any CPU
		{5641E07E-BAB3-4D0F-9422-AFF4A2822683}.Release|Any CPU.Build.0 = Release|Any CPU
		{FB754AFC-C937-41BC-9B35-31B9D19E3409}.Debug|Any CPU.ActiveCfg = Debug|Any CPU
		{FB754AFC-C937-41BC-9B35-31B9D19E3409}.Debug|Any CPU.Build.0 = Debug|Any CPU
		{FB754AFC-C937-41BC-9B35-31B9D19E3409}.Release|Any CPU.ActiveCfg = Release|Any CPU
		{FB754AFC-C937-41BC-9B35-31B9D19E3409}.Release|Any CPU.Build.0 = Release|Any CPU
		{D41C283C-F6C8-4A80-BC2F-E26F4571CC8B}.Debug|Any CPU.ActiveCfg = Debug|Any CPU
		{D41C283C-F6C8-4A80-BC2F-E26F4571CC8B}.Debug|Any CPU.Build.0 = Debug|Any CPU
		{D41C283C-F6C8-4A80-BC2F-E26F4571CC8B}.Release|Any CPU.ActiveCfg = Release|Any CPU
		{D41C283C-F6C8-4A80-BC2F-E26F4571CC8B}.Release|Any CPU.Build.0 = Release|Any CPU
		{169DFDD1-088A-4B25-9DAA-E4D8A4E3A5CC}.Debug|Any CPU.ActiveCfg = Debug|Any CPU
		{169DFDD1-088A-4B25-9DAA-E4D8A4E3A5CC}.Debug|Any CPU.Build.0 = Debug|Any CPU
		{169DFDD1-088A-4B25-9DAA-E4D8A4E3A5CC}.Release|Any CPU.ActiveCfg = Release|Any CPU
		{169DFDD1-088A-4B25-9DAA-E4D8A4E3A5CC}.Release|Any CPU.Build.0 = Release|Any CPU
		{B6882DDF-517C-43A4-B422-48D2CDCC80B9}.Debug|Any CPU.ActiveCfg = Debug|Any CPU
		{B6882DDF-517C-43A4-B422-48D2CDCC80B9}.Debug|Any CPU.Build.0 = Debug|Any CPU
		{B6882DDF-517C-43A4-B422-48D2CDCC80B9}.Release|Any CPU.ActiveCfg = Release|Any CPU
		{B6882DDF-517C-43A4-B422-48D2CDCC80B9}.Release|Any CPU.Build.0 = Release|Any CPU
		{E5D0CA46-453F-4ADF-B8D4-52B0788D569C}.Debug|Any CPU.ActiveCfg = Debug|Any CPU
		{E5D0CA46-453F-4ADF-B8D4-52B0788D569C}.Debug|Any CPU.Build.0 = Debug|Any CPU
		{E5D0CA46-453F-4ADF-B8D4-52B0788D569C}.Release|Any CPU.ActiveCfg = Release|Any CPU
		{E5D0CA46-453F-4ADF-B8D4-52B0788D569C}.Release|Any CPU.Build.0 = Release|Any CPU
	EndGlobalSection
	GlobalSection(SolutionProperties) = preSolution
		HideSolutionNode = FALSE
	EndGlobalSection
	GlobalSection(NestedProjects) = preSolution
		{39A3ED07-CB1A-44F5-9019-447B1B4AD9C4} = {12FF141A-7047-43F8-8978-625848383DE2}
		{14D10B9C-5E3C-42F7-91F5-2DF602570546} = {E2AD2F5B-9711-4FC5-BD00-34210DE3444B}
		{D7F2CC57-527C-4578-AF7B-36785B14FA21} = {74279A7E-CD88-4FAE-B117-E8446EF82446}
		{EBDDC8DB-E716-4465-9086-3D8E6BBF505B} = {1169EC52-7C29-4683-AF87-F47FC09803E7}
		{C7FF74CC-A92D-478D-82A2-2F0A123B2E8D} = {12FF141A-7047-43F8-8978-625848383DE2}
		{5C2A9906-E94F-4691-B2BE-CE50755F289C} = {12FF141A-7047-43F8-8978-625848383DE2}
		{72B64264-6FF8-467A-AE35-7E1A773AA932} = {12FF141A-7047-43F8-8978-625848383DE2}
		{12FF141A-7047-43F8-8978-625848383DE2} = {37BCCC98-7D36-4947-8170-E19D8C143070}
		{E2AD2F5B-9711-4FC5-BD00-34210DE3444B} = {37BCCC98-7D36-4947-8170-E19D8C143070}
		{24E1F467-AC11-41FF-AE21-F200E55CBFD0} = {E2AD2F5B-9711-4FC5-BD00-34210DE3444B}
		{D2F033D1-286B-432C-91C2-2DCEDDC9D916} = {E2AD2F5B-9711-4FC5-BD00-34210DE3444B}
		{D0251C53-0DA1-4D2D-8648-F2F3BA38D9F5} = {E2AD2F5B-9711-4FC5-BD00-34210DE3444B}
		{1AF41A5D-7DCE-49E9-B7F9-DF04D6C2A0EC} = {E2AD2F5B-9711-4FC5-BD00-34210DE3444B}
		{089CFD5D-1F8F-496B-ACD8-88A5AFF4382E} = {1169EC52-7C29-4683-AF87-F47FC09803E7}
		{A2C9473B-5886-4BD8-AD78-C0F1A28BBB8B} = {1169EC52-7C29-4683-AF87-F47FC09803E7}
		{80472789-C597-42C5-9C8C-7532E1972CAD} = {1169EC52-7C29-4683-AF87-F47FC09803E7}
		{20BAE37E-A1B0-4452-8836-BF01D7C57F0B} = {1169EC52-7C29-4683-AF87-F47FC09803E7}
		{1169EC52-7C29-4683-AF87-F47FC09803E7} = {37BCCC98-7D36-4947-8170-E19D8C143070}
		{D92372BB-D917-41E9-909E-9E1F7BE5733B} = {74279A7E-CD88-4FAE-B117-E8446EF82446}
		{FA1A5D0F-E573-4FB6-B08E-B5DCB5D2D34B} = {74279A7E-CD88-4FAE-B117-E8446EF82446}
		{F1C90B3A-4208-4918-875F-85194C92DB3B} = {74279A7E-CD88-4FAE-B117-E8446EF82446}
		{74279A7E-CD88-4FAE-B117-E8446EF82446} = {37BCCC98-7D36-4947-8170-E19D8C143070}
		{A6D80B3D-C909-4954-86E3-22545D311AF7} = {37BCCC98-7D36-4947-8170-E19D8C143070}
		{2A71BB22-056A-4D2E-8AF2-64370CF9FBC8} = {A6D80B3D-C909-4954-86E3-22545D311AF7}
		{8B63161C-5D45-4CCB-BDAA-74B1D4C3E8F1} = {A6D80B3D-C909-4954-86E3-22545D311AF7}
		{C11CB5F0-9D4F-4E49-BF10-9CDA53E2F5CC} = {A6D80B3D-C909-4954-86E3-22545D311AF7}
		{158ACD5E-5AF7-4B4D-AA01-49F271FD6CC7} = {A6D80B3D-C909-4954-86E3-22545D311AF7}
		{6675B1CC-C2BD-4D88-9579-A53E04444C25} = {A6D80B3D-C909-4954-86E3-22545D311AF7}
		{5779EFE0-4301-4730-A119-71169922D5FB} = {02EA681E-C7D8-13C7-8484-4AC65E1B71E8}
		{87247C5C-FBEF-2FDA-B22F-F4971A24A089} = {12FF141A-7047-43F8-8978-625848383DE2}
		{94F84A85-2E51-45F8-4476-FCBC5487B8B8} = {74279A7E-CD88-4FAE-B117-E8446EF82446}
		{A6652CCD-1543-45D4-845F-90DFB1E272E0} = {A6D80B3D-C909-4954-86E3-22545D311AF7}
		{1651AF0C-DDAB-4B31-BC87-E9C5193960EC} = {A6D80B3D-C909-4954-86E3-22545D311AF7}
		{9DD18702-6605-4F06-8B6F-923B6F225367} = {E2AD2F5B-9711-4FC5-BD00-34210DE3444B}
		{0FD6CC05-EE1C-412A-A94C-4D77D435BD34} = {E2AD2F5B-9711-4FC5-BD00-34210DE3444B}
		{7337705C-7437-4375-A303-299B277D8D75} = {74279A7E-CD88-4FAE-B117-E8446EF82446}
		{618DA899-1132-405C-A3AE-97B16BB2D6B6} = {74279A7E-CD88-4FAE-B117-E8446EF82446}
		{467D6433-FB0A-47DA-B3E0-E9FB6ECDFD58} = {F4C61121-4694-4943-820D-9ED76C5527A4}
		{2FD702AE-272A-4250-8883-89538A25C33F} = {F4C61121-4694-4943-820D-9ED76C5527A4}
		{CFB14292-585D-4559-AB24-BBBF3D6D40F6} = {F4C61121-4694-4943-820D-9ED76C5527A4}
		{2B6D2B60-AA47-47CD-B0E8-C668BBE014DE} = {F4C61121-4694-4943-820D-9ED76C5527A4}
		{93445851-DE8E-44FF-88E6-536559BD5E99} = {F4C61121-4694-4943-820D-9ED76C5527A4}
		{0A485882-9CF4-4033-B1F7-03E9233BE4FF} = {1169EC52-7C29-4683-AF87-F47FC09803E7}
		{EB407D8D-2611-4371-B01B-79CE393D9E35} = {1169EC52-7C29-4683-AF87-F47FC09803E7}
		{5641E07E-BAB3-4D0F-9422-AFF4A2822683} = {F4C61121-4694-4943-820D-9ED76C5527A4}
		{FB754AFC-C937-41BC-9B35-31B9D19E3409} = {F4C61121-4694-4943-820D-9ED76C5527A4}
		{D41C283C-F6C8-4A80-BC2F-E26F4571CC8B} = {F4C61121-4694-4943-820D-9ED76C5527A4}
		{169DFDD1-088A-4B25-9DAA-E4D8A4E3A5CC} = {F4C61121-4694-4943-820D-9ED76C5527A4}
		{FB754AFC-C937-41BC-9B35-31B9D19E3409} = {F4C61121-4694-4943-820D-9ED76C5527A4}
		{D41C283C-F6C8-4A80-BC2F-E26F4571CC8B} = {F4C61121-4694-4943-820D-9ED76C5527A4}
		{B6882DDF-517C-43A4-B422-48D2CDCC80B9} = {F4C61121-4694-4943-820D-9ED76C5527A4}
		{E5D0CA46-453F-4ADF-B8D4-52B0788D569C} = {F4C61121-4694-4943-820D-9ED76C5527A4}
	EndGlobalSection
	GlobalSection(ExtensibilityGlobals) = postSolution
		SolutionGuid = {A4756854-BB6F-4A97-9DD5-38A9640BD04C}
	EndGlobalSection
EndGlobal
